// !$*UTF8*$!
{
	archiveVersion = 1;
	classes = {
	};
	objectVersion = 46;
	objects = {

/* Begin PBXBuildFile section */
		46AB2F71BA7A92FDA526FDA9 /* Pods.framework in Frameworks */ = {isa = PBXBuildFile; fileRef = 7CD84220CAD290B889845CBC /* Pods.framework */; settings = {ATTRIBUTES = (Weak, ); }; };
		EB1FB1711B8DEF6700FD15F0 /* LoginViewController.swift in Sources */ = {isa = PBXBuildFile; fileRef = EB1FB1701B8DEF6700FD15F0 /* LoginViewController.swift */; };
		EB8682201B64FD3B00921080 /* AppDelegate.swift in Sources */ = {isa = PBXBuildFile; fileRef = EB86821F1B64FD3B00921080 /* AppDelegate.swift */; };
		EB8682231B64FD3B00921080 /* __100____.xcdatamodeld in Sources */ = {isa = PBXBuildFile; fileRef = EB8682211B64FD3B00921080 /* __100____.xcdatamodeld */; };
		EB8682251B64FD3B00921080 /* ViewController.swift in Sources */ = {isa = PBXBuildFile; fileRef = EB8682241B64FD3B00921080 /* ViewController.swift */; };
		EB8682281B64FD3B00921080 /* Main.storyboard in Resources */ = {isa = PBXBuildFile; fileRef = EB8682261B64FD3B00921080 /* Main.storyboard */; };
		EB86822A1B64FD3B00921080 /* Images.xcassets in Resources */ = {isa = PBXBuildFile; fileRef = EB8682291B64FD3B00921080 /* Images.xcassets */; };
		EB86822D1B64FD3B00921080 /* LaunchScreen.xib in Resources */ = {isa = PBXBuildFile; fileRef = EB86822B1B64FD3B00921080 /* LaunchScreen.xib */; };
		EB8682391B64FD3C00921080 /* __100____Tests.swift in Sources */ = {isa = PBXBuildFile; fileRef = EB8682381B64FD3C00921080 /* __100____Tests.swift */; };
/* End PBXBuildFile section */

/* Begin PBXContainerItemProxy section */
		EB8682331B64FD3C00921080 /* PBXContainerItemProxy */ = {
			isa = PBXContainerItemProxy;
			containerPortal = EB8682121B64FD3B00921080 /* Project object */;
			proxyType = 1;
			remoteGlobalIDString = EB8682191B64FD3B00921080;
			remoteInfo = "楼下100-配送员";
		};
/* End PBXContainerItemProxy section */

/* Begin PBXFileReference section */
		67B7C2CEEA7C3F15012F1C80 /* Pods.release.xcconfig */ = {isa = PBXFileReference; includeInIndex = 1; lastKnownFileType = text.xcconfig; name = Pods.release.xcconfig; path = "Pods/Target Support Files/Pods/Pods.release.xcconfig"; sourceTree = "<group>"; };
		7CD84220CAD290B889845CBC /* Pods.framework */ = {isa = PBXFileReference; explicitFileType = wrapper.framework; includeInIndex = 0; path = Pods.framework; sourceTree = BUILT_PRODUCTS_DIR; };
		CE16AF182C1245176E25692C /* Pods.debug.xcconfig */ = {isa = PBXFileReference; includeInIndex = 1; lastKnownFileType = text.xcconfig; name = Pods.debug.xcconfig; path = "Pods/Target Support Files/Pods/Pods.debug.xcconfig"; sourceTree = "<group>"; };
		EB1FB1701B8DEF6700FD15F0 /* LoginViewController.swift */ = {isa = PBXFileReference; fileEncoding = 4; lastKnownFileType = sourcecode.swift; path = LoginViewController.swift; sourceTree = "<group>"; };
		EB86821A1B64FD3B00921080 /* 楼下100-配送员.app */ = {isa = PBXFileReference; explicitFileType = wrapper.application; includeInIndex = 0; path = "楼下100-配送员.app"; sourceTree = BUILT_PRODUCTS_DIR; };
		EB86821E1B64FD3B00921080 /* Info.plist */ = {isa = PBXFileReference; lastKnownFileType = text.plist.xml; path = Info.plist; sourceTree = "<group>"; };
		EB86821F1B64FD3B00921080 /* AppDelegate.swift */ = {isa = PBXFileReference; lastKnownFileType = sourcecode.swift; path = AppDelegate.swift; sourceTree = "<group>"; };
		EB8682221B64FD3B00921080 /* __100____.xcdatamodel */ = {isa = PBXFileReference; lastKnownFileType = wrapper.xcdatamodel; path = "__100____.xcdatamodel"; sourceTree = "<group>"; };
		EB8682241B64FD3B00921080 /* ViewController.swift */ = {isa = PBXFileReference; lastKnownFileType = sourcecode.swift; path = ViewController.swift; sourceTree = "<group>"; };
		EB8682271B64FD3B00921080 /* Base */ = {isa = PBXFileReference; lastKnownFileType = file.storyboard; name = Base; path = Base.lproj/Main.storyboard; sourceTree = "<group>"; };
		EB8682291B64FD3B00921080 /* Images.xcassets */ = {isa = PBXFileReference; lastKnownFileType = folder.assetcatalog; path = Images.xcassets; sourceTree = "<group>"; };
		EB86822C1B64FD3B00921080 /* Base */ = {isa = PBXFileReference; lastKnownFileType = file.xib; name = Base; path = Base.lproj/LaunchScreen.xib; sourceTree = "<group>"; };
		EB8682321B64FD3C00921080 /* 楼下100-配送员Tests.xctest */ = {isa = PBXFileReference; explicitFileType = wrapper.cfbundle; includeInIndex = 0; path = "楼下100-配送员Tests.xctest"; sourceTree = BUILT_PRODUCTS_DIR; };
		EB8682371B64FD3C00921080 /* Info.plist */ = {isa = PBXFileReference; lastKnownFileType = text.plist.xml; path = Info.plist; sourceTree = "<group>"; };
		EB8682381B64FD3C00921080 /* __100____Tests.swift */ = {isa = PBXFileReference; lastKnownFileType = sourcecode.swift; path = "__100____Tests.swift"; sourceTree = "<group>"; };
/* End PBXFileReference section */

/* Begin PBXFrameworksBuildPhase section */
		EB8682171B64FD3B00921080 /* Frameworks */ = {
			isa = PBXFrameworksBuildPhase;
			buildActionMask = 2147483647;
			files = (
				46AB2F71BA7A92FDA526FDA9 /* Pods.framework in Frameworks */,
			);
			runOnlyForDeploymentPostprocessing = 0;
		};
		EB86822F1B64FD3C00921080 /* Frameworks */ = {
			isa = PBXFrameworksBuildPhase;
			buildActionMask = 2147483647;
			files = (
			);
			runOnlyForDeploymentPostprocessing = 0;
		};
/* End PBXFrameworksBuildPhase section */

/* Begin PBXGroup section */
		5492757A7A1D5190E0607433 /* Frameworks */ = {
			isa = PBXGroup;
			children = (
				7CD84220CAD290B889845CBC /* Pods.framework */,
			);
			name = Frameworks;
			sourceTree = "<group>";
		};
		5E69E7C00D04615C2687BA09 /* Pods */ = {
			isa = PBXGroup;
			children = (
				CE16AF182C1245176E25692C /* Pods.debug.xcconfig */,
				67B7C2CEEA7C3F15012F1C80 /* Pods.release.xcconfig */,
			);
			name = Pods;
			sourceTree = "<group>";
		};
		EB1FB16C1B8DEF2100FD15F0 /* View */ = {
			isa = PBXGroup;
			children = (
			);
			name = View;
			sourceTree = "<group>";
		};
		EB1FB16D1B8DEF2700FD15F0 /* Controller */ = {
			isa = PBXGroup;
			children = (
				EB1FB1701B8DEF6700FD15F0 /* LoginViewController.swift */,
			);
			name = Controller;
			sourceTree = "<group>";
		};
		EB1FB16F1B8DEF3800FD15F0 /* Model */ = {
			isa = PBXGroup;
			children = (
			);
			name = Model;
			sourceTree = "<group>";
		};
		EB8682111B64FD3B00921080 = {
			isa = PBXGroup;
			children = (
				EB86821C1B64FD3B00921080 /* 楼下100-配送员 */,
				EB8682351B64FD3C00921080 /* 楼下100-配送员Tests */,
				EB86821B1B64FD3B00921080 /* Products */,
				5E69E7C00D04615C2687BA09 /* Pods */,
				5492757A7A1D5190E0607433 /* Frameworks */,
			);
			sourceTree = "<group>";
		};
		EB86821B1B64FD3B00921080 /* Products */ = {
			isa = PBXGroup;
			children = (
				EB86821A1B64FD3B00921080 /* 楼下100-配送员.app */,
				EB8682321B64FD3C00921080 /* 楼下100-配送员Tests.xctest */,
			);
			name = Products;
			sourceTree = "<group>";
		};
		EB86821C1B64FD3B00921080 /* 楼下100-配送员 */ = {
			isa = PBXGroup;
			children = (
				EB1FB16F1B8DEF3800FD15F0 /* Model */,
				EB1FB16D1B8DEF2700FD15F0 /* Controller */,
				EB1FB16C1B8DEF2100FD15F0 /* View */,
				EB86821F1B64FD3B00921080 /* AppDelegate.swift */,
				EB8682241B64FD3B00921080 /* ViewController.swift */,
				EB8682261B64FD3B00921080 /* Main.storyboard */,
				EB8682291B64FD3B00921080 /* Images.xcassets */,
				EB86822B1B64FD3B00921080 /* LaunchScreen.xib */,
				EB8682211B64FD3B00921080 /* __100____.xcdatamodeld */,
				EB86821D1B64FD3B00921080 /* Supporting Files */,
			);
			path = "楼下100-配送员";
			sourceTree = "<group>";
		};
		EB86821D1B64FD3B00921080 /* Supporting Files */ = {
			isa = PBXGroup;
			children = (
				EB86821E1B64FD3B00921080 /* Info.plist */,
			);
			name = "Supporting Files";
			sourceTree = "<group>";
		};
		EB8682351B64FD3C00921080 /* 楼下100-配送员Tests */ = {
			isa = PBXGroup;
			children = (
				EB8682381B64FD3C00921080 /* __100____Tests.swift */,
				EB8682361B64FD3C00921080 /* Supporting Files */,
			);
			path = "楼下100-配送员Tests";
			sourceTree = "<group>";
		};
		EB8682361B64FD3C00921080 /* Supporting Files */ = {
			isa = PBXGroup;
			children = (
				EB8682371B64FD3C00921080 /* Info.plist */,
			);
			name = "Supporting Files";
			sourceTree = "<group>";
		};
/* End PBXGroup section */

/* Begin PBXNativeTarget section */
		EB8682191B64FD3B00921080 /* 楼下100-配送员 */ = {
			isa = PBXNativeTarget;
			buildConfigurationList = EB86823C1B64FD3C00921080 /* Build configuration list for PBXNativeTarget "楼下100-配送员" */;
			buildPhases = (
				AFD0E2E6A93E4C9DF608AB37 /* Check Pods Manifest.lock */,
				EB8682161B64FD3B00921080 /* Sources */,
				EB8682171B64FD3B00921080 /* Frameworks */,
				EB8682181B64FD3B00921080 /* Resources */,
				9759E7BC9DFE2911E4434F46 /* Embed Pods Frameworks */,
				1E7531C260AAB58B1BD0CD40 /* Copy Pods Resources */,
			);
			buildRules = (
			);
			dependencies = (
			);
			name = "楼下100-配送员";
			productName = "楼下100-配送员";
			productReference = EB86821A1B64FD3B00921080 /* 楼下100-配送员.app */;
			productType = "com.apple.product-type.application";
		};
		EB8682311B64FD3C00921080 /* 楼下100-配送员Tests */ = {
			isa = PBXNativeTarget;
			buildConfigurationList = EB86823F1B64FD3C00921080 /* Build configuration list for PBXNativeTarget "楼下100-配送员Tests" */;
			buildPhases = (
				EB86822E1B64FD3C00921080 /* Sources */,
				EB86822F1B64FD3C00921080 /* Frameworks */,
				EB8682301B64FD3C00921080 /* Resources */,
			);
			buildRules = (
			);
			dependencies = (
				EB8682341B64FD3C00921080 /* PBXTargetDependency */,
			);
			name = "楼下100-配送员Tests";
			productName = "楼下100-配送员Tests";
			productReference = EB8682321B64FD3C00921080 /* 楼下100-配送员Tests.xctest */;
			productType = "com.apple.product-type.bundle.unit-test";
		};
/* End PBXNativeTarget section */

/* Begin PBXProject section */
		EB8682121B64FD3B00921080 /* Project object */ = {
			isa = PBXProject;
			attributes = {
				LastUpgradeCheck = 0640;
				ORGANIZATIONNAME = womenshuo;
				TargetAttributes = {
					EB8682191B64FD3B00921080 = {
						CreatedOnToolsVersion = 6.4;
					};
					EB8682311B64FD3C00921080 = {
						CreatedOnToolsVersion = 6.4;
						TestTargetID = EB8682191B64FD3B00921080;
					};
				};
			};
			buildConfigurationList = EB8682151B64FD3B00921080 /* Build configuration list for PBXProject "楼下100-配送员" */;
			compatibilityVersion = "Xcode 3.2";
			developmentRegion = English;
			hasScannedForEncodings = 0;
			knownRegions = (
				en,
				Base,
			);
			mainGroup = EB8682111B64FD3B00921080;
			productRefGroup = EB86821B1B64FD3B00921080 /* Products */;
			projectDirPath = "";
			projectRoot = "";
			targets = (
				EB8682191B64FD3B00921080 /* 楼下100-配送员 */,
				EB8682311B64FD3C00921080 /* 楼下100-配送员Tests */,
			);
		};
/* End PBXProject section */

/* Begin PBXResourcesBuildPhase section */
		EB8682181B64FD3B00921080 /* Resources */ = {
			isa = PBXResourcesBuildPhase;
			buildActionMask = 2147483647;
			files = (
				EB8682281B64FD3B00921080 /* Main.storyboard in Resources */,
				EB86822D1B64FD3B00921080 /* LaunchScreen.xib in Resources */,
				EB86822A1B64FD3B00921080 /* Images.xcassets in Resources */,
			);
			runOnlyForDeploymentPostprocessing = 0;
		};
		EB8682301B64FD3C00921080 /* Resources */ = {
			isa = PBXResourcesBuildPhase;
			buildActionMask = 2147483647;
			files = (
			);
			runOnlyForDeploymentPostprocessing = 0;
		};
/* End PBXResourcesBuildPhase section */

/* Begin PBXShellScriptBuildPhase section */
		1E7531C260AAB58B1BD0CD40 /* Copy Pods Resources */ = {
			isa = PBXShellScriptBuildPhase;
			buildActionMask = 2147483647;
			files = (
			);
			inputPaths = (
			);
			name = "Copy Pods Resources";
			outputPaths = (
			);
			runOnlyForDeploymentPostprocessing = 0;
			shellPath = /bin/sh;
			shellScript = "\"${SRCROOT}/Pods/Target Support Files/Pods/Pods-resources.sh\"\n";
			showEnvVarsInLog = 0;
		};
		9759E7BC9DFE2911E4434F46 /* Embed Pods Frameworks */ = {
			isa = PBXShellScriptBuildPhase;
			buildActionMask = 2147483647;
			files = (
			);
			inputPaths = (
			);
			name = "Embed Pods Frameworks";
			outputPaths = (
			);
			runOnlyForDeploymentPostprocessing = 0;
			shellPath = /bin/sh;
			shellScript = "\"${SRCROOT}/Pods/Target Support Files/Pods/Pods-frameworks.sh\"\n";
			showEnvVarsInLog = 0;
		};
		AFD0E2E6A93E4C9DF608AB37 /* Check Pods Manifest.lock */ = {
			isa = PBXShellScriptBuildPhase;
			buildActionMask = 2147483647;
			files = (
			);
			inputPaths = (
			);
			name = "Check Pods Manifest.lock";
			outputPaths = (
			);
			runOnlyForDeploymentPostprocessing = 0;
			shellPath = /bin/sh;
			shellScript = "diff \"${PODS_ROOT}/../Podfile.lock\" \"${PODS_ROOT}/Manifest.lock\" > /dev/null\nif [[ $? != 0 ]] ; then\n    cat << EOM\nerror: The sandbox is not in sync with the Podfile.lock. Run 'pod install' or update your CocoaPods installation.\nEOM\n    exit 1\nfi\n";
			showEnvVarsInLog = 0;
		};
/* End PBXShellScriptBuildPhase section */

/* Begin PBXSourcesBuildPhase section */
		EB8682161B64FD3B00921080 /* Sources */ = {
			isa = PBXSourcesBuildPhase;
			buildActionMask = 2147483647;
			files = (
				EB1FB1711B8DEF6700FD15F0 /* LoginViewController.swift in Sources */,
				EB8682251B64FD3B00921080 /* ViewController.swift in Sources */,
				EB8682201B64FD3B00921080 /* AppDelegate.swift in Sources */,
				EB8682231B64FD3B00921080 /* __100____.xcdatamodeld in Sources */,
			);
			runOnlyForDeploymentPostprocessing = 0;
		};
		EB86822E1B64FD3C00921080 /* Sources */ = {
			isa = PBXSourcesBuildPhase;
			buildActionMask = 2147483647;
			files = (
				EB8682391B64FD3C00921080 /* __100____Tests.swift in Sources */,
			);
			runOnlyForDeploymentPostprocessing = 0;
		};
/* End PBXSourcesBuildPhase section */

/* Begin PBXTargetDependency section */
		EB8682341B64FD3C00921080 /* PBXTargetDependency */ = {
			isa = PBXTargetDependency;
			target = EB8682191B64FD3B00921080 /* 楼下100-配送员 */;
			targetProxy = EB8682331B64FD3C00921080 /* PBXContainerItemProxy */;
		};
/* End PBXTargetDependency section */

/* Begin PBXVariantGroup section */
		EB8682261B64FD3B00921080 /* Main.storyboard */ = {
			isa = PBXVariantGroup;
			children = (
				EB8682271B64FD3B00921080 /* Base */,
			);
			name = Main.storyboard;
			sourceTree = "<group>";
		};
		EB86822B1B64FD3B00921080 /* LaunchScreen.xib */ = {
			isa = PBXVariantGroup;
			children = (
				EB86822C1B64FD3B00921080 /* Base */,
			);
			name = LaunchScreen.xib;
			sourceTree = "<group>";
		};
/* End PBXVariantGroup section */

/* Begin XCBuildConfiguration section */
		EB86823A1B64FD3C00921080 /* Debug */ = {
			isa = XCBuildConfiguration;
			buildSettings = {
				ALWAYS_SEARCH_USER_PATHS = NO;
				CLANG_CXX_LANGUAGE_STANDARD = "gnu++0x";
				CLANG_CXX_LIBRARY = "libc++";
				CLANG_ENABLE_MODULES = YES;
				CLANG_ENABLE_OBJC_ARC = YES;
				CLANG_WARN_BOOL_CONVERSION = YES;
				CLANG_WARN_CONSTANT_CONVERSION = YES;
				CLANG_WARN_DIRECT_OBJC_ISA_USAGE = YES_ERROR;
				CLANG_WARN_EMPTY_BODY = YES;
				CLANG_WARN_ENUM_CONVERSION = YES;
				CLANG_WARN_INT_CONVERSION = YES;
				CLANG_WARN_OBJC_ROOT_CLASS = YES_ERROR;
				CLANG_WARN_UNREACHABLE_CODE = YES;
				CLANG_WARN__DUPLICATE_METHOD_MATCH = YES;
				"CODE_SIGN_IDENTITY[sdk=iphoneos*]" = "iPhone Developer";
				COPY_PHASE_STRIP = NO;
				DEBUG_INFORMATION_FORMAT = "dwarf-with-dsym";
				ENABLE_STRICT_OBJC_MSGSEND = YES;
				GCC_C_LANGUAGE_STANDARD = gnu99;
				GCC_DYNAMIC_NO_PIC = NO;
				GCC_NO_COMMON_BLOCKS = YES;
				GCC_OPTIMIZATION_LEVEL = 0;
				GCC_PREPROCESSOR_DEFINITIONS = (
					"DEBUG=1",
					"$(inherited)",
				);
				GCC_SYMBOLS_PRIVATE_EXTERN = NO;
				GCC_WARN_64_TO_32_BIT_CONVERSION = YES;
				GCC_WARN_ABOUT_RETURN_TYPE = YES_ERROR;
				GCC_WARN_UNDECLARED_SELECTOR = YES;
				GCC_WARN_UNINITIALIZED_AUTOS = YES_AGGRESSIVE;
				GCC_WARN_UNUSED_FUNCTION = YES;
				GCC_WARN_UNUSED_VARIABLE = YES;
				IPHONEOS_DEPLOYMENT_TARGET = 8.4;
				MTL_ENABLE_DEBUG_INFO = YES;
				ONLY_ACTIVE_ARCH = YES;
				SDKROOT = iphoneos;
				SWIFT_OPTIMIZATION_LEVEL = "-Onone";
			};
			name = Debug;
		};
		EB86823B1B64FD3C00921080 /* Release */ = {
			isa = XCBuildConfiguration;
			buildSettings = {
				ALWAYS_SEARCH_USER_PATHS = NO;
				CLANG_CXX_LANGUAGE_STANDARD = "gnu++0x";
				CLANG_CXX_LIBRARY = "libc++";
				CLANG_ENABLE_MODULES = YES;
				CLANG_ENABLE_OBJC_ARC = YES;
				CLANG_WARN_BOOL_CONVERSION = YES;
				CLANG_WARN_CONSTANT_CONVERSION = YES;
				CLANG_WARN_DIRECT_OBJC_ISA_USAGE = YES_ERROR;
				CLANG_WARN_EMPTY_BODY = YES;
				CLANG_WARN_ENUM_CONVERSION = YES;
				CLANG_WARN_INT_CONVERSION = YES;
				CLANG_WARN_OBJC_ROOT_CLASS = YES_ERROR;
				CLANG_WARN_UNREACHABLE_CODE = YES;
				CLANG_WARN__DUPLICATE_METHOD_MATCH = YES;
				"CODE_SIGN_IDENTITY[sdk=iphoneos*]" = "iPhone Developer";
				COPY_PHASE_STRIP = NO;
				DEBUG_INFORMATION_FORMAT = "dwarf-with-dsym";
				ENABLE_NS_ASSERTIONS = NO;
				ENABLE_STRICT_OBJC_MSGSEND = YES;
				GCC_C_LANGUAGE_STANDARD = gnu99;
				GCC_NO_COMMON_BLOCKS = YES;
				GCC_WARN_64_TO_32_BIT_CONVERSION = YES;
				GCC_WARN_ABOUT_RETURN_TYPE = YES_ERROR;
				GCC_WARN_UNDECLARED_SELECTOR = YES;
				GCC_WARN_UNINITIALIZED_AUTOS = YES_AGGRESSIVE;
				GCC_WARN_UNUSED_FUNCTION = YES;
				GCC_WARN_UNUSED_VARIABLE = YES;
				IPHONEOS_DEPLOYMENT_TARGET = 8.4;
				MTL_ENABLE_DEBUG_INFO = NO;
				SDKROOT = iphoneos;
				VALIDATE_PRODUCT = YES;
			};
			name = Release;
		};
		EB86823D1B64FD3C00921080 /* Debug */ = {
			isa = XCBuildConfiguration;
			baseConfigurationReference = CE16AF182C1245176E25692C /* Pods.debug.xcconfig */;
			buildSettings = {
				ASSETCATALOG_COMPILER_APPICON_NAME = AppIcon;
				INFOPLIST_FILE = "楼下100-配送员/Info.plist";
				LD_RUNPATH_SEARCH_PATHS = "$(inherited) @executable_path/Frameworks";
				PRODUCT_NAME = "$(TARGET_NAME)";
			};
			name = Debug;
		};
		EB86823E1B64FD3C00921080 /* Release */ = {
			isa = XCBuildConfiguration;
			baseConfigurationReference = 67B7C2CEEA7C3F15012F1C80 /* Pods.release.xcconfig */;
			buildSettings = {
				ASSETCATALOG_COMPILER_APPICON_NAME = AppIcon;
				INFOPLIST_FILE = "楼下100-配送员/Info.plist";
				LD_RUNPATH_SEARCH_PATHS = "$(inherited) @executable_path/Frameworks";
				PRODUCT_NAME = "$(TARGET_NAME)";
			};
			name = Release;
		};
		EB8682401B64FD3C00921080 /* Debug */ = {
			isa = XCBuildConfiguration;
			buildSettings = {
				BUNDLE_LOADER = "$(TEST_HOST)";
				FRAMEWORK_SEARCH_PATHS = (
					"$(SDKROOT)/Developer/Library/Frameworks",
					"$(inherited)",
				);
				GCC_PREPROCESSOR_DEFINITIONS = (
					"DEBUG=1",
					"$(inherited)",
				);
				INFOPLIST_FILE = "楼下100-配送员Tests/Info.plist";
				LD_RUNPATH_SEARCH_PATHS = "$(inherited) @executable_path/Frameworks @loader_path/Frameworks";
				PRODUCT_NAME = "$(TARGET_NAME)";
				TEST_HOST = "$(BUILT_PRODUCTS_DIR)/楼下100-配送员.app/楼下100-配送员";
			};
			name = Debug;
		};
		EB8682411B64FD3C00921080 /* Release */ = {
			isa = XCBuildConfiguration;
			buildSettings = {
				BUNDLE_LOADER = "$(TEST_HOST)";
				FRAMEWORK_SEARCH_PATHS = (
					"$(SDKROOT)/Developer/Library/Frameworks",
					"$(inherited)",
				);
				INFOPLIST_FILE = "楼下100-配送员Tests/Info.plist";
				LD_RUNPATH_SEARCH_PATHS = "$(inherited) @executable_path/Frameworks @loader_path/Frameworks";
				PRODUCT_NAME = "$(TARGET_NAME)";
				TEST_HOST = "$(BUILT_PRODUCTS_DIR)/楼下100-配送员.app/楼下100-配送员";
			};
			name = Release;
		};
/* End XCBuildConfiguration section */

/* Begin XCConfigurationList section */
		EB8682151B64FD3B00921080 /* Build configuration list for PBXProject "楼下100-配送员" */ = {
			isa = XCConfigurationList;
			buildConfigurations = (
				EB86823A1B64FD3C00921080 /* Debug */,
				EB86823B1B64FD3C00921080 /* Release */,
			);
			defaultConfigurationIsVisible = 0;
			defaultConfigurationName = Release;
		};
		EB86823C1B64FD3C00921080 /* Build configuration list for PBXNativeTarget "楼下100-配送员" */ = {
			isa = XCConfigurationList;
			buildConfigurations = (
				EB86823D1B64FD3C00921080 /* Debug */,
				EB86823E1B64FD3C00921080 /* Release */,
			);
			defaultConfigurationIsVisible = 0;
			defaultConfigurationName = Release;
		};
		EB86823F1B64FD3C00921080 /* Build configuration list for PBXNativeTarget "楼下100-配送员Tests" */ = {
			isa = XCConfigurationList;
			buildConfigurations = (
				EB8682401B64FD3C00921080 /* Debug */,
				EB8682411B64FD3C00921080 /* Release */,
			);
			defaultConfigurationIsVisible = 0;
			defaultConfigurationName = Release;
		};
/* End XCConfigurationList section */

/* Begin XCVersionGroup section */
		EB8682211B64FD3B00921080 /* __100____.xcdatamodeld */ = {
			isa = XCVersionGroup;
			children = (
				EB8682221B64FD3B00921080 /* __100____.xcdatamodel */,
			);
			currentVersion = EB8682221B64FD3B00921080 /* __100____.xcdatamodel */;
			path = "__100____.xcdatamodeld";
			sourceTree = "<group>";
			versionGroupType = wrapper.xcdatamodel;
		};
/* End XCVersionGroup section */
	};
	rootObject = EB8682121B64FD3B00921080 /* Project object */;
}
